
Microsoft Visual Studio Solution File, Format Version 12.00
# Visual Studio 15
VisualStudioVersion = 15.0.26124.0
MinimumVisualStudioVersion = 15.0.26124.0
Project("{FAE04EC0-301F-11D3-BF4B-00C04F79EFBC}") = "Factory", "Factory\Factory.csproj", "{6F346CC5-6954-4954-8179-A1E85B28CE70}"
EndProject
Project("{FAE04EC0-301F-11D3-BF4B-00C04F79EFBC}") = "Factory.Tests", "Factory.Tests\Factory.Tests.csproj", "{1BB902A9-0B58-49D2-A492-2370F70546F6}"
EndProject
Global
	GlobalSection(SolutionConfigurationPlatforms) = preSolution
		Debug|Any CPU = Debug|Any CPU
		Debug|x64 = Debug|x64
		Debug|x86 = Debug|x86
		Release|Any CPU = Release|Any CPU
		Release|x64 = Release|x64
		Release|x86 = Release|x86
	EndGlobalSection
	GlobalSection(SolutionProperties) = preSolution
		HideSolutionNode = FALSE
	EndGlobalSection
	GlobalSection(ProjectConfigurationPlatforms) = postSolution
		{6F346CC5-6954-4954-8179-A1E85B28CE70}.Debug|Any CPU.ActiveCfg = Debug|Any CPU
		{6F346CC5-6954-4954-8179-A1E85B28CE70}.Debug|Any CPU.Build.0 = Debug|Any CPU
		{6F346CC5-6954-4954-8179-A1E85B28CE70}.Debug|x64.ActiveCfg = Debug|Any CPU
		{6F346CC5-6954-4954-8179-A1E85B28CE70}.Debug|x64.Build.0 = Debug|Any CPU
		{6F346CC5-6954-4954-8179-A1E85B28CE70}.Debug|x86.ActiveCfg = Debug|Any CPU
		{6F346CC5-6954-4954-8179-A1E85B28CE70}.Debug|x86.Build.0 = Debug|Any CPU
		{6F346CC5-6954-4954-8179-A1E85B28CE70}.Release|Any CPU.ActiveCfg = Release|Any CPU
		{6F346CC5-6954-4954-8179-A1E85B28CE70}.Release|Any CPU.Build.0 = Release|Any CPU
		{6F346CC5-6954-4954-8179-A1E85B28CE70}.Release|x64.ActiveCfg = Release|Any CPU
		{6F346CC5-6954-4954-8179-A1E85B28CE70}.Release|x64.Build.0 = Release|Any CPU
		{6F346CC5-6954-4954-8179-A1E85B28CE70}.Release|x86.ActiveCfg = Release|Any CPU
		{6F346CC5-6954-4954-8179-A1E85B28CE70}.Release|x86.Build.0 = Release|Any CPU
		{1BB902A9-0B58-49D2-A492-2370F70546F6}.Debug|Any CPU.ActiveCfg = Debug|Any CPU
		{1BB902A9-0B58-49D2-A492-2370F70546F6}.Debug|Any CPU.Build.0 = Debug|Any CPU
		{1BB902A9-0B58-49D2-A492-2370F70546F6}.Debug|x64.ActiveCfg = Debug|Any CPU
		{1BB902A9-0B58-49D2-A492-2370F70546F6}.Debug|x64.Build.0 = Debug|Any CPU
		{1BB902A9-0B58-49D2-A492-2370F70546F6}.Debug|x86.ActiveCfg = Debug|Any CPU
		{1BB902A9-0B58-49D2-A492-2370F70546F6}.Debug|x86.Build.0 = Debug|Any CPU
		{1BB902A9-0B58-49D2-A492-2370F70546F6}.Release|Any CPU.ActiveCfg = Release|Any CPU
		{1BB902A9-0B58-49D2-A492-2370F70546F6}.Release|Any CPU.Build.0 = Release|Any CPU
		{1BB902A9-0B58-49D2-A492-2370F70546F6}.Release|x64.ActiveCfg = Release|Any CPU
		{1BB902A9-0B58-49D2-A492-2370F70546F6}.Release|x64.Build.0 = Release|Any CPU
		{1BB902A9-0B58-49D2-A492-2370F70546F6}.Release|x86.ActiveCfg = Release|Any CPU
		{1BB902A9-0B58-49D2-A492-2370F70546F6}.Release|x86.Build.0 = Release|Any CPU
	EndGlobalSection
EndGlobal
